
Microsoft Visual Studio Solution File, Format Version 12.00
# Visual Studio Version 16
VisualStudioVersion = 16.0.30114.105
MinimumVisualStudioVersion = 10.0.40219.1
Project("{FAE04EC0-301F-11D3-BF4B-00C04F79EFBC}") = "AwesomeShop.Api", "AwesomeShop.Api\AwesomeShop.Api.csproj", "{CD342A19-540D-412C-BF9C-E4C379DB38FA}"
EndProject
Project("{FAE04EC0-301F-11D3-BF4B-00C04F79EFBC}") = "AwesomeShop.BusinessLogic", "AwesomeShop.BusinessLogic\AwesomeShop.BusinessLogic.csproj", "{F59DD311-5CE5-46EC-8387-2E8C4A90FB3D}"
EndProject
Global
	GlobalSection(SolutionConfigurationPlatforms) = preSolution
		Debug|Any CPU = Debug|Any CPU
		Release|Any CPU = Release|Any CPU
	EndGlobalSection
	GlobalSection(SolutionProperties) = preSolution
		HideSolutionNode = FALSE
	EndGlobalSection
	GlobalSection(ProjectConfigurationPlatforms) = postSolution
		{CD342A19-540D-412C-BF9C-E4C379DB38FA}.Debug|Any CPU.ActiveCfg = Debug|Any CPU
		{CD342A19-540D-412C-BF9C-E4C379DB38FA}.Debug|Any CPU.Build.0 = Debug|Any CPU
		{CD342A19-540D-412C-BF9C-E4C379DB38FA}.Release|Any CPU.ActiveCfg = Release|Any CPU
		{CD342A19-540D-412C-BF9C-E4C379DB38FA}.Release|Any CPU.Build.0 = Release|Any CPU
		{F59DD311-5CE5-46EC-8387-2E8C4A90FB3D}.Debug|Any CPU.ActiveCfg = Debug|Any CPU
		{F59DD311-5CE5-46EC-8387-2E8C4A90FB3D}.Debug|Any CPU.Build.0 = Debug|Any CPU
		{F59DD311-5CE5-46EC-8387-2E8C4A90FB3D}.Release|Any CPU.ActiveCfg = Release|Any CPU
		{F59DD311-5CE5-46EC-8387-2E8C4A90FB3D}.Release|Any CPU.Build.0 = Release|Any CPU
	EndGlobalSection
EndGlobal
